// !$*UTF8*$!
{
	archiveVersion = 1;
	classes = {
	};
	objectVersion = 56;
	objects = {

/* Begin PBXBuildFile section */
		461B27412BB89512004E6744 /* SwiftAudioApp.swift in Sources */ = {isa = PBXBuildFile; fileRef = 461B27402BB89512004E6744 /* SwiftAudioApp.swift */; };
		461B27432BB89512004E6744 /* PlayerView.swift in Sources */ = {isa = PBXBuildFile; fileRef = 461B27422BB89512004E6744 /* PlayerView.swift */; };
		461B27452BB89512004E6744 /* Assets.xcassets in Resources */ = {isa = PBXBuildFile; fileRef = 461B27442BB89512004E6744 /* Assets.xcassets */; };
		461B27482BB89512004E6744 /* Preview Assets.xcassets in Resources */ = {isa = PBXBuildFile; fileRef = 461B27472BB89512004E6744 /* Preview Assets.xcassets */; };
		461B27542BB89606004E6744 /* SwiftAudioEx in Frameworks */ = {isa = PBXBuildFile; productRef = 461B27532BB89606004E6744 /* SwiftAudioEx */; };
		461B27582BB8968A004E6744 /* AudioController.swift in Sources */ = {isa = PBXBuildFile; fileRef = 461B27572BB8968A004E6744 /* AudioController.swift */; };
		461B27602BB89846004E6744 /* PlayerState.swift in Sources */ = {isa = PBXBuildFile; fileRef = 461B275F2BB89846004E6744 /* PlayerState.swift */; };
		461B27642BB89CA7004E6744 /* Extensions.swift in Sources */ = {isa = PBXBuildFile; fileRef = 461B27632BB89CA7004E6744 /* Extensions.swift */; };
		461B27662BB9FFBC004E6744 /* PlayerListener.swift in Sources */ = {isa = PBXBuildFile; fileRef = 461B27652BB9FFBC004E6744 /* PlayerListener.swift */; };
/* End PBXBuildFile section */

/* Begin PBXFileReference section */
		461B273D2BB89512004E6744 /* SwiftAudio.app */ = {isa = PBXFileReference; explicitFileType = wrapper.application; includeInIndex = 0; path = SwiftAudio.app; sourceTree = BUILT_PRODUCTS_DIR; };
		461B27402BB89512004E6744 /* SwiftAudioApp.swift */ = {isa = PBXFileReference; lastKnownFileType = sourcecode.swift; path = SwiftAudioApp.swift; sourceTree = "<group>"; };
		461B27422BB89512004E6744 /* PlayerView.swift */ = {isa = PBXFileReference; lastKnownFileType = sourcecode.swift; path = PlayerView.swift; sourceTree = "<group>"; };
		461B27442BB89512004E6744 /* Assets.xcassets */ = {isa = PBXFileReference; lastKnownFileType = folder.assetcatalog; path = Assets.xcassets; sourceTree = "<group>"; };
		461B27472BB89512004E6744 /* Preview Assets.xcassets */ = {isa = PBXFileReference; lastKnownFileType = folder.assetcatalog; path = "Preview Assets.xcassets"; sourceTree = "<group>"; };
		461B27492BB89512004E6744 /* SwiftAudio.entitlements */ = {isa = PBXFileReference; lastKnownFileType = text.plist.entitlements; path = SwiftAudio.entitlements; sourceTree = "<group>"; };
		461B274F2BB895E2004E6744 /* SwiftAudioEx */ = {isa = PBXFileReference; lastKnownFileType = wrapper; name = SwiftAudioEx; path = ../../..; sourceTree = "<group>"; };
		461B27572BB8968A004E6744 /* AudioController.swift */ = {isa = PBXFileReference; fileEncoding = 4; lastKnownFileType = sourcecode.swift; path = AudioController.swift; sourceTree = "<group>"; };
		461B275F2BB89846004E6744 /* PlayerState.swift */ = {isa = PBXFileReference; lastKnownFileType = sourcecode.swift; path = PlayerState.swift; sourceTree = "<group>"; };
		461B27632BB89CA7004E6744 /* Extensions.swift */ = {isa = PBXFileReference; lastKnownFileType = sourcecode.swift; path = Extensions.swift; sourceTree = "<group>"; };
		461B27652BB9FFBC004E6744 /* PlayerListener.swift */ = {isa = PBXFileReference; lastKnownFileType = sourcecode.swift; path = PlayerListener.swift; sourceTree = "<group>"; };
/* End PBXFileReference section */

/* Begin PBXFrameworksBuildPhase section */
		461B273A2BB89512004E6744 /* Frameworks */ = {
			isa = PBXFrameworksBuildPhase;
			buildActionMask = 2147483647;
			files = (
				461B27542BB89606004E6744 /* SwiftAudioEx in Frameworks */,
			);
			runOnlyForDeploymentPostprocessing = 0;
		};
/* End PBXFrameworksBuildPhase section */

/* Begin PBXGroup section */
		461B27342BB89512004E6744 = {
			isa = PBXGroup;
			children = (
				461B274F2BB895E2004E6744 /* SwiftAudioEx */,
				461B273F2BB89512004E6744 /* SwiftAudio */,
				461B273E2BB89512004E6744 /* Products */,
				461B27522BB89606004E6744 /* Frameworks */,
			);
			sourceTree = "<group>";
		};
		461B273E2BB89512004E6744 /* Products */ = {
			isa = PBXGroup;
			children = (
				461B273D2BB89512004E6744 /* SwiftAudio.app */,
			);
			name = Products;
			sourceTree = "<group>";
		};
		461B273F2BB89512004E6744 /* SwiftAudio */ = {
			isa = PBXGroup;
			children = (
				461B27402BB89512004E6744 /* SwiftAudioApp.swift */,
				461B27632BB89CA7004E6744 /* Extensions.swift */,
				461B275F2BB89846004E6744 /* PlayerState.swift */,
				461B27572BB8968A004E6744 /* AudioController.swift */,
				461B27422BB89512004E6744 /* PlayerView.swift */,
				461B27652BB9FFBC004E6744 /* PlayerListener.swift */,
				461B27442BB89512004E6744 /* Assets.xcassets */,
				461B27492BB89512004E6744 /* SwiftAudio.entitlements */,
				461B27462BB89512004E6744 /* Preview Content */,
			);
			path = SwiftAudio;
			sourceTree = "<group>";
		};
		461B27462BB89512004E6744 /* Preview Content */ = {
			isa = PBXGroup;
			children = (
				461B27472BB89512004E6744 /* Preview Assets.xcassets */,
			);
			path = "Preview Content";
			sourceTree = "<group>";
		};
		461B27522BB89606004E6744 /* Frameworks */ = {
			isa = PBXGroup;
			children = (
			);
			name = Frameworks;
			sourceTree = "<group>";
		};
/* End PBXGroup section */

/* Begin PBXNativeTarget section */
		461B273C2BB89512004E6744 /* SwiftAudio */ = {
			isa = PBXNativeTarget;
			buildConfigurationList = 461B274C2BB89512004E6744 /* Build configuration list for PBXNativeTarget "SwiftAudio" */;
			buildPhases = (
				461B27392BB89512004E6744 /* Sources */,
				461B273A2BB89512004E6744 /* Frameworks */,
				461B273B2BB89512004E6744 /* Resources */,
			);
			buildRules = (
			);
			dependencies = (
				461B27512BB895FE004E6744 /* PBXTargetDependency */,
			);
			name = SwiftAudio;
			packageProductDependencies = (
				461B27532BB89606004E6744 /* SwiftAudioEx */,
			);
			productName = SwiftAudio;
			productReference = 461B273D2BB89512004E6744 /* SwiftAudio.app */;
			productType = "com.apple.product-type.application";
		};
/* End PBXNativeTarget section */

/* Begin PBXProject section */
		461B27352BB89512004E6744 /* Project object */ = {
			isa = PBXProject;
			attributes = {
				BuildIndependentTargetsInParallel = 1;
				LastSwiftUpdateCheck = 1530;
				LastUpgradeCheck = 1530;
				TargetAttributes = {
					461B273C2BB89512004E6744 = {
						CreatedOnToolsVersion = 15.3;
					};
				};
			};
			buildConfigurationList = 461B27382BB89512004E6744 /* Build configuration list for PBXProject "SwiftAudio" */;
			compatibilityVersion = "Xcode 14.0";
			developmentRegion = en;
			hasScannedForEncodings = 0;
			knownRegions = (
				en,
				Base,
			);
			mainGroup = 461B27342BB89512004E6744;
			productRefGroup = 461B273E2BB89512004E6744 /* Products */;
			projectDirPath = "";
			projectRoot = "";
			targets = (
				461B273C2BB89512004E6744 /* SwiftAudio */,
			);
		};
/* End PBXProject section */

/* Begin PBXResourcesBuildPhase section */
		461B273B2BB89512004E6744 /* Resources */ = {
			isa = PBXResourcesBuildPhase;
			buildActionMask = 2147483647;
			files = (
				461B27482BB89512004E6744 /* Preview Assets.xcassets in Resources */,
				461B27452BB89512004E6744 /* Assets.xcassets in Resources */,
			);
			runOnlyForDeploymentPostprocessing = 0;
		};
/* End PBXResourcesBuildPhase section */

/* Begin PBXSourcesBuildPhase section */
		461B27392BB89512004E6744 /* Sources */ = {
			isa = PBXSourcesBuildPhase;
			buildActionMask = 2147483647;
			files = (
				461B27642BB89CA7004E6744 /* Extensions.swift in Sources */,
				461B27432BB89512004E6744 /* PlayerView.swift in Sources */,
				461B27582BB8968A004E6744 /* AudioController.swift in Sources */,
				461B27602BB89846004E6744 /* PlayerState.swift in Sources */,
				461B27662BB9FFBC004E6744 /* PlayerListener.swift in Sources */,
				461B27412BB89512004E6744 /* SwiftAudioApp.swift in Sources */,
			);
			runOnlyForDeploymentPostprocessing = 0;
		};
/* End PBXSourcesBuildPhase section */

/* Begin PBXTargetDependency section */
		461B27512BB895FE004E6744 /* PBXTargetDependency */ = {
			isa = PBXTargetDependency;
			productRef = 461B27502BB895FE004E6744 /* SwiftAudioEx */;
		};
/* End PBXTargetDependency section */

/* Begin XCBuildConfiguration section */
		461B274A2BB89512004E6744 /* Debug */ = {
			isa = XCBuildConfiguration;
			buildSettings = {
				ALWAYS_SEARCH_USER_PATHS = NO;
				ASSETCATALOG_COMPILER_GENERATE_SWIFT_ASSET_SYMBOL_EXTENSIONS = YES;
				CLANG_ANALYZER_NONNULL = YES;
				CLANG_ANALYZER_NUMBER_OBJECT_CONVERSION = YES_AGGRESSIVE;
				CLANG_CXX_LANGUAGE_STANDARD = "gnu++20";
				CLANG_ENABLE_MODULES = YES;
				CLANG_ENABLE_OBJC_ARC = YES;
				CLANG_ENABLE_OBJC_WEAK = YES;
				CLANG_WARN_BLOCK_CAPTURE_AUTORELEASING = YES;
				CLANG_WARN_BOOL_CONVERSION = YES;
				CLANG_WARN_COMMA = YES;
				CLANG_WARN_CONSTANT_CONVERSION = YES;
				CLANG_WARN_DEPRECATED_OBJC_IMPLEMENTATIONS = YES;
				CLANG_WARN_DIRECT_OBJC_ISA_USAGE = YES_ERROR;
				CLANG_WARN_DOCUMENTATION_COMMENTS = YES;
				CLANG_WARN_EMPTY_BODY = YES;
				CLANG_WARN_ENUM_CONVERSION = YES;
				CLANG_WARN_INFINITE_RECURSION = YES;
				CLANG_WARN_INT_CONVERSION = YES;
				CLANG_WARN_NON_LITERAL_NULL_CONVERSION = YES;
				CLANG_WARN_OBJC_IMPLICIT_RETAIN_SELF = YES;
				CLANG_WARN_OBJC_LITERAL_CONVERSION = YES;
				CLANG_WARN_OBJC_ROOT_CLASS = YES_ERROR;
				CLANG_WARN_QUOTED_INCLUDE_IN_FRAMEWORK_HEADER = YES;
				CLANG_WARN_RANGE_LOOP_ANALYSIS = YES;
				CLANG_WARN_STRICT_PROTOTYPES = YES;
				CLANG_WARN_SUSPICIOUS_MOVE = YES;
				CLANG_WARN_UNGUARDED_AVAILABILITY = YES_AGGRESSIVE;
				CLANG_WARN_UNREACHABLE_CODE = YES;
				CLANG_WARN__DUPLICATE_METHOD_MATCH = YES;
				COPY_PHASE_STRIP = NO;
				DEBUG_INFORMATION_FORMAT = dwarf;
				ENABLE_STRICT_OBJC_MSGSEND = YES;
				ENABLE_TESTABILITY = YES;
				ENABLE_USER_SCRIPT_SANDBOXING = YES;
				GCC_C_LANGUAGE_STANDARD = gnu17;
				GCC_DYNAMIC_NO_PIC = NO;
				GCC_NO_COMMON_BLOCKS = YES;
				GCC_OPTIMIZATION_LEVEL = 0;
				GCC_PREPROCESSOR_DEFINITIONS = (
					"DEBUG=1",
					"$(inherited)",
				);
				GCC_WARN_64_TO_32_BIT_CONVERSION = YES;
				GCC_WARN_ABOUT_RETURN_TYPE = YES_ERROR;
				GCC_WARN_UNDECLARED_SELECTOR = YES;
				GCC_WARN_UNINITIALIZED_AUTOS = YES_AGGRESSIVE;
				GCC_WARN_UNUSED_FUNCTION = YES;
				GCC_WARN_UNUSED_VARIABLE = YES;
				LOCALIZATION_PREFERS_STRING_CATALOGS = YES;
				MACOSX_DEPLOYMENT_TARGET = 14.3;
				MTL_ENABLE_DEBUG_INFO = INCLUDE_SOURCE;
				MTL_FAST_MATH = YES;
				ONLY_ACTIVE_ARCH = YES;
				SDKROOT = macosx;
				SWIFT_ACTIVE_COMPILATION_CONDITIONS = "DEBUG $(inherited)";
				SWIFT_OPTIMIZATION_LEVEL = "-Onone";
			};
			name = Debug;
		};
		461B274B2BB89512004E6744 /* Release */ = {
			isa = XCBuildConfiguration;
			buildSettings = {
				ALWAYS_SEARCH_USER_PATHS = NO;
				ASSETCATALOG_COMPILER_GENERATE_SWIFT_ASSET_SYMBOL_EXTENSIONS = YES;
				CLANG_ANALYZER_NONNULL = YES;
				CLANG_ANALYZER_NUMBER_OBJECT_CONVERSION = YES_AGGRESSIVE;
				CLANG_CXX_LANGUAGE_STANDARD = "gnu++20";
				CLANG_ENABLE_MODULES = YES;
				CLANG_ENABLE_OBJC_ARC = YES;
				CLANG_ENABLE_OBJC_WEAK = YES;
				CLANG_WARN_BLOCK_CAPTURE_AUTORELEASING = YES;
				CLANG_WARN_BOOL_CONVERSION = YES;
				CLANG_WARN_COMMA = YES;
				CLANG_WARN_CONSTANT_CONVERSION = YES;
				CLANG_WARN_DEPRECATED_OBJC_IMPLEMENTATIONS = YES;
				CLANG_WARN_DIRECT_OBJC_ISA_USAGE = YES_ERROR;
				CLANG_WARN_DOCUMENTATION_COMMENTS = YES;
				CLANG_WARN_EMPTY_BODY = YES;
				CLANG_WARN_ENUM_CONVERSION = YES;
				CLANG_WARN_INFINITE_RECURSION = YES;
				CLANG_WARN_INT_CONVERSION = YES;
				CLANG_WARN_NON_LITERAL_NULL_CONVERSION = YES;
				CLANG_WARN_OBJC_IMPLICIT_RETAIN_SELF = YES;
				CLANG_WARN_OBJC_LITERAL_CONVERSION = YES;
				CLANG_WARN_OBJC_ROOT_CLASS = YES_ERROR;
				CLANG_WARN_QUOTED_INCLUDE_IN_FRAMEWORK_HEADER = YES;
				CLANG_WARN_RANGE_LOOP_ANALYSIS = YES;
				CLANG_WARN_STRICT_PROTOTYPES = YES;
				CLANG_WARN_SUSPICIOUS_MOVE = YES;
				CLANG_WARN_UNGUARDED_AVAILABILITY = YES_AGGRESSIVE;
				CLANG_WARN_UNREACHABLE_CODE = YES;
				CLANG_WARN__DUPLICATE_METHOD_MATCH = YES;
				COPY_PHASE_STRIP = NO;
				DEBUG_INFORMATION_FORMAT = "dwarf-with-dsym";
				ENABLE_NS_ASSERTIONS = NO;
				ENABLE_STRICT_OBJC_MSGSEND = YES;
				ENABLE_USER_SCRIPT_SANDBOXING = YES;
				GCC_C_LANGUAGE_STANDARD = gnu17;
				GCC_NO_COMMON_BLOCKS = YES;
				GCC_WARN_64_TO_32_BIT_CONVERSION = YES;
				GCC_WARN_ABOUT_RETURN_TYPE = YES_ERROR;
				GCC_WARN_UNDECLARED_SELECTOR = YES;
				GCC_WARN_UNINITIALIZED_AUTOS = YES_AGGRESSIVE;
				GCC_WARN_UNUSED_FUNCTION = YES;
				GCC_WARN_UNUSED_VARIABLE = YES;
				LOCALIZATION_PREFERS_STRING_CATALOGS = YES;
				MACOSX_DEPLOYMENT_TARGET = 14.3;
				MTL_ENABLE_DEBUG_INFO = NO;
				MTL_FAST_MATH = YES;
				SDKROOT = macosx;
				SWIFT_COMPILATION_MODE = wholemodule;
			};
			name = Release;
		};
		461B274D2BB89512004E6744 /* Debug */ = {
			isa = XCBuildConfiguration;
			buildSettings = {
				ASSETCATALOG_COMPILER_APPICON_NAME = AppIcon;
				ASSETCATALOG_COMPILER_GLOBAL_ACCENT_COLOR_NAME = AccentColor;
				CODE_SIGN_ENTITLEMENTS = SwiftAudio/SwiftAudio.entitlements;
				CODE_SIGN_STYLE = Automatic;
				COMBINE_HIDPI_IMAGES = YES;
				CURRENT_PROJECT_VERSION = 1;
				DEVELOPMENT_ASSET_PATHS = "\"SwiftAudio/Preview Content\"";
				DEVELOPMENT_TEAM = 7U2TUNKNQX;
				ENABLE_PREVIEWS = YES;
				GENERATE_INFOPLIST_FILE = YES;
				INFOPLIST_KEY_NSHumanReadableCopyright = "";
				LD_RUNPATH_SEARCH_PATHS = (
					"$(inherited)",
					"@executable_path/../Frameworks",
				);
				MACOSX_DEPLOYMENT_TARGET = 14.2;
				MARKETING_VERSION = 1.0;
				PRODUCT_BUNDLE_IDENTIFIER = com.doublesymmetry.SwiftAudio;
				PRODUCT_NAME = "$(TARGET_NAME)";
				SWIFT_EMIT_LOC_STRINGS = YES;
				SWIFT_VERSION = 5.0;
			};
			name = Debug;
		};
		461B274E2BB89512004E6744 /* Release */ = {
			isa = XCBuildConfiguration;
			buildSettings = {
				ASSETCATALOG_COMPILER_APPICON_NAME = AppIcon;
				ASSETCATALOG_COMPILER_GLOBAL_ACCENT_COLOR_NAME = AccentColor;
				CODE_SIGN_ENTITLEMENTS = SwiftAudio/SwiftAudio.entitlements;
				CODE_SIGN_STYLE = Automatic;
				COMBINE_HIDPI_IMAGES = YES;
				CURRENT_PROJECT_VERSION = 1;
				DEVELOPMENT_ASSET_PATHS = "\"SwiftAudio/Preview Content\"";
				DEVELOPMENT_TEAM = 7U2TUNKNQX;
				ENABLE_PREVIEWS = YES;
				GENERATE_INFOPLIST_FILE = YES;
				INFOPLIST_KEY_NSHumanReadableCopyright = "";
				LD_RUNPATH_SEARCH_PATHS = (
					"$(inherited)",
					"@executable_path/../Frameworks",
				);
				MACOSX_DEPLOYMENT_TARGET = 14.2;
				MARKETING_VERSION = 1.0;
				PRODUCT_BUNDLE_IDENTIFIER = com.doublesymmetry.SwiftAudio;
				PRODUCT_NAME = "$(TARGET_NAME)";
				SWIFT_EMIT_LOC_STRINGS = YES;
				SWIFT_VERSION = 5.0;
			};
			name = Release;
		};
/* End XCBuildConfiguration section */

/* Begin XCConfigurationList section */
		461B27382BB89512004E6744 /* Build configuration list for PBXProject "SwiftAudio" */ = {
			isa = XCConfigurationList;
			buildConfigurations = (
				461B274A2BB89512004E6744 /* Debug */,
				461B274B2BB89512004E6744 /* Release */,
			);
			defaultConfigurationIsVisible = 0;
			defaultConfigurationName = Release;
		};
		461B274C2BB89512004E6744 /* Build configuration list for PBXNativeTarget "SwiftAudio" */ = {
			isa = XCConfigurationList;
			buildConfigurations = (
				461B274D2BB89512004E6744 /* Debug */,
				461B274E2BB89512004E6744 /* Release */,
			);
			defaultConfigurationIsVisible = 0;
			defaultConfigurationName = Release;
		};
/* End XCConfigurationList section */

/* Begin XCSwiftPackageProductDependency section */
		461B27502BB895FE004E6744 /* SwiftAudioEx */ = {
			isa = XCSwiftPackageProductDependency;
			productName = SwiftAudioEx;
		};
		461B27532BB89606004E6744 /* SwiftAudioEx */ = {
			isa = XCSwiftPackageProductDependency;
			productName = SwiftAudioEx;
		};
/* End XCSwiftPackageProductDependency section */
	};
	rootObject = 461B27352BB89512004E6744 /* Project object */;
}
